
Microsoft Visual Studio Solution File, Format Version 12.00
# Visual Studio 15
VisualStudioVersion = 15.0.26430.16
MinimumVisualStudioVersion = 10.0.40219.1
Project("{FAE04EC0-301F-11D3-BF4B-00C04F79EFBC}") = "Minesweeper", "Minesweeper\Minesweeper.csproj", "{612BA41B-DDB1-4F17-AE51-1A7AD1DA059E}"
EndProject
Global
	GlobalSection(SolutionConfigurationPlatforms) = preSolution
		Debug|Any CPU = Debug|Any CPU
		Release|Any CPU = Release|Any CPU
	EndGlobalSection
	GlobalSection(ProjectConfigurationPlatforms) = postSolution
		{612BA41B-DDB1-4F17-AE51-1A7AD1DA059E}.Debug|Any CPU.ActiveCfg = Debug|Any CPU
		{612BA41B-DDB1-4F17-AE51-1A7AD1DA059E}.Debug|Any CPU.Build.0 = Debug|Any CPU
		{612BA41B-DDB1-4F17-AE51-1A7AD1DA059E}.Release|Any CPU.ActiveCfg = Release|Any CPU
		{612BA41B-DDB1-4F17-AE51-1A7AD1DA059E}.Release|Any CPU.Build.0 = Release|Any CPU
	EndGlobalSection
	GlobalSection(SolutionProperties) = preSolution
		HideSolutionNode = FALSE
	EndGlobalSection
EndGlobal
